
Microsoft Visual Studio Solution File, Format Version 12.00
# Visual Studio Version 16
VisualStudioVersion = 16.0.29519.87
MinimumVisualStudioVersion = 10.0.40219.1
Project("{FAE04EC0-301F-11D3-BF4B-00C04F79EFBC}") = "EatrikiVideoCall", "EatrikiVideoCall\EatrikiVideoCall.csproj", "{EB95E9A4-214D-43E7-9F63-2FE5AD4D4AE4}"
EndProject
Global
	GlobalSection(SolutionConfigurationPlatforms) = preSolution
		Debug|Any CPU = Debug|Any CPU
		Release|Any CPU = Release|Any CPU
	EndGlobalSection
	GlobalSection(ProjectConfigurationPlatforms) = postSolution
		{EB95E9A4-214D-43E7-9F63-2FE5AD4D4AE4}.Debug|Any CPU.ActiveCfg = Debug|Any CPU
		{EB95E9A4-214D-43E7-9F63-2FE5AD4D4AE4}.Debug|Any CPU.Build.0 = Debug|Any CPU
		{EB95E9A4-214D-43E7-9F63-2FE5AD4D4AE4}.Release|Any CPU.ActiveCfg = Release|Any CPU
		{EB95E9A4-214D-43E7-9F63-2FE5AD4D4AE4}.Release|Any CPU.Build.0 = Release|Any CPU
	EndGlobalSection
	GlobalSection(SolutionProperties) = preSolution
		HideSolutionNode = FALSE
	EndGlobalSection
	GlobalSection(ExtensibilityGlobals) = postSolution
		SolutionGuid = {A3F8023F-BFB4-4633-9282-A3B274150862}
	EndGlobalSection
EndGlobal
